// !$*UTF8*$!
{
	archiveVersion = 1;
	classes = {
	};
	objectVersion = 50;
	objects = {

/* Begin PBXBuildFile section */
		CA6C808A26A26E2400C74949 /* Snapchat_CloneApp.swift in Sources */ = {isa = PBXBuildFile; fileRef = CA6C808926A26E2400C74949 /* Snapchat_CloneApp.swift */; };
		CA6C808E26A26E2700C74949 /* Assets.xcassets in Resources */ = {isa = PBXBuildFile; fileRef = CA6C808D26A26E2700C74949 /* Assets.xcassets */; };
		CA6C809126A26E2700C74949 /* Preview Assets.xcassets in Resources */ = {isa = PBXBuildFile; fileRef = CA6C809026A26E2700C74949 /* Preview Assets.xcassets */; };
		CA6C809D26A26ED900C74949 /* CustomTabBarView.swift in Sources */ = {isa = PBXBuildFile; fileRef = CA6C809C26A26ED900C74949 /* CustomTabBarView.swift */; };
		CA6C809F26A26EF400C74949 /* MainView.swift in Sources */ = {isa = PBXBuildFile; fileRef = CA6C809E26A26EF400C74949 /* MainView.swift */; };
		CA6C80A126A26F0100C74949 /* MapView.swift in Sources */ = {isa = PBXBuildFile; fileRef = CA6C80A026A26F0100C74949 /* MapView.swift */; };
		CA6C80A326A26F0D00C74949 /* ChatView.swift in Sources */ = {isa = PBXBuildFile; fileRef = CA6C80A226A26F0D00C74949 /* ChatView.swift */; };
		CA6C80A526A26F1500C74949 /* StoriesView.swift in Sources */ = {isa = PBXBuildFile; fileRef = CA6C80A426A26F1500C74949 /* StoriesView.swift */; };
		CA6C80A726A26F2A00C74949 /* SpotlightView.swift in Sources */ = {isa = PBXBuildFile; fileRef = CA6C80A626A26F2A00C74949 /* SpotlightView.swift */; };
		CA6C80A926A26FA600C74949 /* CameraView.swift in Sources */ = {isa = PBXBuildFile; fileRef = CA6C80A826A26FA600C74949 /* CameraView.swift */; };
		CAA52F8C26A5263A00D34413 /* Assets.swift in Sources */ = {isa = PBXBuildFile; fileRef = CAA52F8B26A5263A00D34413 /* Assets.swift */; };
		CAA52F8E26A5360C00D34413 /* TabBarViewModel.swift in Sources */ = {isa = PBXBuildFile; fileRef = CAA52F8D26A5360C00D34413 /* TabBarViewModel.swift */; };
/* End PBXBuildFile section */

/* Begin PBXFileReference section */
		CA6C808626A26E2400C74949 /* Snapchat Clone.app */ = {isa = PBXFileReference; explicitFileType = wrapper.application; includeInIndex = 0; path = "Snapchat Clone.app"; sourceTree = BUILT_PRODUCTS_DIR; };
		CA6C808926A26E2400C74949 /* Snapchat_CloneApp.swift */ = {isa = PBXFileReference; lastKnownFileType = sourcecode.swift; path = Snapchat_CloneApp.swift; sourceTree = "<group>"; };
		CA6C808D26A26E2700C74949 /* Assets.xcassets */ = {isa = PBXFileReference; lastKnownFileType = folder.assetcatalog; path = Assets.xcassets; sourceTree = "<group>"; };
		CA6C809026A26E2700C74949 /* Preview Assets.xcassets */ = {isa = PBXFileReference; lastKnownFileType = folder.assetcatalog; path = "Preview Assets.xcassets"; sourceTree = "<group>"; };
		CA6C809226A26E2700C74949 /* Info.plist */ = {isa = PBXFileReference; lastKnownFileType = text.plist.xml; path = Info.plist; sourceTree = "<group>"; };
		CA6C809C26A26ED900C74949 /* CustomTabBarView.swift */ = {isa = PBXFileReference; lastKnownFileType = sourcecode.swift; path = CustomTabBarView.swift; sourceTree = "<group>"; };
		CA6C809E26A26EF400C74949 /* MainView.swift */ = {isa = PBXFileReference; lastKnownFileType = sourcecode.swift; path = MainView.swift; sourceTree = "<group>"; };
		CA6C80A026A26F0100C74949 /* MapView.swift */ = {isa = PBXFileReference; lastKnownFileType = sourcecode.swift; path = MapView.swift; sourceTree = "<group>"; };
		CA6C80A226A26F0D00C74949 /* ChatView.swift */ = {isa = PBXFileReference; lastKnownFileType = sourcecode.swift; path = ChatView.swift; sourceTree = "<group>"; };
		CA6C80A426A26F1500C74949 /* StoriesView.swift */ = {isa = PBXFileReference; lastKnownFileType = sourcecode.swift; path = StoriesView.swift; sourceTree = "<group>"; };
		CA6C80A626A26F2A00C74949 /* SpotlightView.swift */ = {isa = PBXFileReference; lastKnownFileType = sourcecode.swift; path = SpotlightView.swift; sourceTree = "<group>"; };
		CA6C80A826A26FA600C74949 /* CameraView.swift */ = {isa = PBXFileReference; lastKnownFileType = sourcecode.swift; path = CameraView.swift; sourceTree = "<group>"; };
		CAA52F8B26A5263A00D34413 /* Assets.swift */ = {isa = PBXFileReference; lastKnownFileType = sourcecode.swift; path = Assets.swift; sourceTree = "<group>"; };
		CAA52F8D26A5360C00D34413 /* TabBarViewModel.swift */ = {isa = PBXFileReference; lastKnownFileType = sourcecode.swift; path = TabBarViewModel.swift; sourceTree = "<group>"; };
/* End PBXFileReference section */

/* Begin PBXFrameworksBuildPhase section */
		CA6C808326A26E2400C74949 /* Frameworks */ = {
			isa = PBXFrameworksBuildPhase;
			buildActionMask = 2147483647;
			files = (
			);
			runOnlyForDeploymentPostprocessing = 0;
		};
/* End PBXFrameworksBuildPhase section */

/* Begin PBXGroup section */
		CA6C807D26A26E2400C74949 = {
			isa = PBXGroup;
			children = (
				CA6C808826A26E2400C74949 /* Snapchat Clone */,
				CA6C808726A26E2400C74949 /* Products */,
			);
			sourceTree = "<group>";
		};
		CA6C808726A26E2400C74949 /* Products */ = {
			isa = PBXGroup;
			children = (
				CA6C808626A26E2400C74949 /* Snapchat Clone.app */,
			);
			name = Products;
			sourceTree = "<group>";
		};
		CA6C808826A26E2400C74949 /* Snapchat Clone */ = {
			isa = PBXGroup;
			children = (
				CA6C809B26A26EC000C74949 /* ViewModels */,
				CA6C809A26A26EBC00C74949 /* Models */,
				CA6C809926A26EB100C74949 /* Views */,
				CA6C809826A26E9F00C74949 /* Shared */,
				CA6C808926A26E2400C74949 /* Snapchat_CloneApp.swift */,
				CA6C808D26A26E2700C74949 /* Assets.xcassets */,
				CA6C809226A26E2700C74949 /* Info.plist */,
				CA6C808F26A26E2700C74949 /* Preview Content */,
			);
			path = "Snapchat Clone";
			sourceTree = "<group>";
		};
		CA6C808F26A26E2700C74949 /* Preview Content */ = {
			isa = PBXGroup;
			children = (
				CA6C809026A26E2700C74949 /* Preview Assets.xcassets */,
			);
			path = "Preview Content";
			sourceTree = "<group>";
		};
		CA6C809826A26E9F00C74949 /* Shared */ = {
			isa = PBXGroup;
			children = (
				CAA52F8B26A5263A00D34413 /* Assets.swift */,
			);
			path = Shared;
			sourceTree = "<group>";
		};
		CA6C809926A26EB100C74949 /* Views */ = {
			isa = PBXGroup;
			children = (
				CA6C809C26A26ED900C74949 /* CustomTabBarView.swift */,
				CA6C809E26A26EF400C74949 /* MainView.swift */,
				CA6C80A026A26F0100C74949 /* MapView.swift */,
				CA6C80A226A26F0D00C74949 /* ChatView.swift */,
				CA6C80A426A26F1500C74949 /* StoriesView.swift */,
				CA6C80A626A26F2A00C74949 /* SpotlightView.swift */,
				CA6C80A826A26FA600C74949 /* CameraView.swift */,
			);
			path = Views;
			sourceTree = "<group>";
		};
		CA6C809A26A26EBC00C74949 /* Models */ = {
			isa = PBXGroup;
			children = (
			);
			path = Models;
			sourceTree = "<group>";
		};
		CA6C809B26A26EC000C74949 /* ViewModels */ = {
			isa = PBXGroup;
			children = (
				CAA52F8D26A5360C00D34413 /* TabBarViewModel.swift */,
			);
			path = ViewModels;
			sourceTree = "<group>";
		};
/* End PBXGroup section */

/* Begin PBXNativeTarget section */
		CA6C808526A26E2400C74949 /* Snapchat Clone */ = {
			isa = PBXNativeTarget;
			buildConfigurationList = CA6C809526A26E2700C74949 /* Build configuration list for PBXNativeTarget "Snapchat Clone" */;
			buildPhases = (
				CA6C808226A26E2400C74949 /* Sources */,
				CA6C808326A26E2400C74949 /* Frameworks */,
				CA6C808426A26E2400C74949 /* Resources */,
			);
			buildRules = (
			);
			dependencies = (
			);
			name = "Snapchat Clone";
			productName = "Snapchat Clone";
			productReference = CA6C808626A26E2400C74949 /* Snapchat Clone.app */;
			productType = "com.apple.product-type.application";
		};
/* End PBXNativeTarget section */

/* Begin PBXProject section */
		CA6C807E26A26E2400C74949 /* Project object */ = {
			isa = PBXProject;
			attributes = {
				LastSwiftUpdateCheck = 1250;
				LastUpgradeCheck = 1250;
				TargetAttributes = {
					CA6C808526A26E2400C74949 = {
						CreatedOnToolsVersion = 12.5.1;
					};
				};
			};
			buildConfigurationList = CA6C808126A26E2400C74949 /* Build configuration list for PBXProject "Snapchat Clone" */;
			compatibilityVersion = "Xcode 9.3";
			developmentRegion = en;
			hasScannedForEncodings = 0;
			knownRegions = (
				en,
				Base,
			);
			mainGroup = CA6C807D26A26E2400C74949;
			productRefGroup = CA6C808726A26E2400C74949 /* Products */;
			projectDirPath = "";
			projectRoot = "";
			targets = (
				CA6C808526A26E2400C74949 /* Snapchat Clone */,
			);
		};
/* End PBXProject section */

/* Begin PBXResourcesBuildPhase section */
		CA6C808426A26E2400C74949 /* Resources */ = {
			isa = PBXResourcesBuildPhase;
			buildActionMask = 2147483647;
			files = (
				CA6C809126A26E2700C74949 /* Preview Assets.xcassets in Resources */,
				CA6C808E26A26E2700C74949 /* Assets.xcassets in Resources */,
			);
			runOnlyForDeploymentPostprocessing = 0;
		};
/* End PBXResourcesBuildPhase section */

/* Begin PBXSourcesBuildPhase section */
		CA6C808226A26E2400C74949 /* Sources */ = {
			isa = PBXSourcesBuildPhase;
			buildActionMask = 2147483647;
			files = (
				CA6C809F26A26EF400C74949 /* MainView.swift in Sources */,
				CA6C80A126A26F0100C74949 /* MapView.swift in Sources */,
				CA6C80A926A26FA600C74949 /* CameraView.swift in Sources */,
				CA6C80A526A26F1500C74949 /* StoriesView.swift in Sources */,
				CA6C809D26A26ED900C74949 /* CustomTabBarView.swift in Sources */,
				CA6C80A326A26F0D00C74949 /* ChatView.swift in Sources */,
				CA6C808A26A26E2400C74949 /* Snapchat_CloneApp.swift in Sources */,
				CAA52F8C26A5263A00D34413 /* Assets.swift in Sources */,
				CAA52F8E26A5360C00D34413 /* TabBarViewModel.swift in Sources */,
				CA6C80A726A26F2A00C74949 /* SpotlightView.swift in Sources */,
			);
			runOnlyForDeploymentPostprocessing = 0;
		};
/* End PBXSourcesBuildPhase section */

/* Begin XCBuildConfiguration section */
		CA6C809326A26E2700C74949 /* Debug */ = {
			isa = XCBuildConfiguration;
			buildSettings = {
				ALWAYS_SEARCH_USER_PATHS = NO;
				CLANG_ANALYZER_NONNULL = YES;
				CLANG_ANALYZER_NUMBER_OBJECT_CONVERSION = YES_AGGRESSIVE;
				CLANG_CXX_LANGUAGE_STANDARD = "gnu++14";
				CLANG_CXX_LIBRARY = "libc++";
				CLANG_ENABLE_MODULES = YES;
				CLANG_ENABLE_OBJC_ARC = YES;
				CLANG_ENABLE_OBJC_WEAK = YES;
				CLANG_WARN_BLOCK_CAPTURE_AUTORELEASING = YES;
				CLANG_WARN_BOOL_CONVERSION = YES;
				CLANG_WARN_COMMA = YES;
				CLANG_WARN_CONSTANT_CONVERSION = YES;
				CLANG_WARN_DEPRECATED_OBJC_IMPLEMENTATIONS = YES;
				CLANG_WARN_DIRECT_OBJC_ISA_USAGE = YES_ERROR;
				CLANG_WARN_DOCUMENTATION_COMMENTS = YES;
				CLANG_WARN_EMPTY_BODY = YES;
				CLANG_WARN_ENUM_CONVERSION = YES;
				CLANG_WARN_INFINITE_RECURSION = YES;
				CLANG_WARN_INT_CONVERSION = YES;
				CLANG_WARN_NON_LITERAL_NULL_CONVERSION = YES;
				CLANG_WARN_OBJC_IMPLICIT_RETAIN_SELF = YES;
				CLANG_WARN_OBJC_LITERAL_CONVERSION = YES;
				CLANG_WARN_OBJC_ROOT_CLASS = YES_ERROR;
				CLANG_WARN_QUOTED_INCLUDE_IN_FRAMEWORK_HEADER = YES;
				CLANG_WARN_RANGE_LOOP_ANALYSIS = YES;
				CLANG_WARN_STRICT_PROTOTYPES = YES;
				CLANG_WARN_SUSPICIOUS_MOVE = YES;
				CLANG_WARN_UNGUARDED_AVAILABILITY = YES_AGGRESSIVE;
				CLANG_WARN_UNREACHABLE_CODE = YES;
				CLANG_WARN__DUPLICATE_METHOD_MATCH = YES;
				COPY_PHASE_STRIP = NO;
				DEBUG_INFORMATION_FORMAT = dwarf;
				ENABLE_STRICT_OBJC_MSGSEND = YES;
				ENABLE_TESTABILITY = YES;
				GCC_C_LANGUAGE_STANDARD = gnu11;
				GCC_DYNAMIC_NO_PIC = NO;
				GCC_NO_COMMON_BLOCKS = YES;
				GCC_OPTIMIZATION_LEVEL = 0;
				GCC_PREPROCESSOR_DEFINITIONS = (
					"DEBUG=1",
					"$(inherited)",
				);
				GCC_WARN_64_TO_32_BIT_CONVERSION = YES;
				GCC_WARN_ABOUT_RETURN_TYPE = YES_ERROR;
				GCC_WARN_UNDECLARED_SELECTOR = YES;
				GCC_WARN_UNINITIALIZED_AUTOS = YES_AGGRESSIVE;
				GCC_WARN_UNUSED_FUNCTION = YES;
				GCC_WARN_UNUSED_VARIABLE = YES;
				IPHONEOS_DEPLOYMENT_TARGET = 14.5;
				MTL_ENABLE_DEBUG_INFO = INCLUDE_SOURCE;
				MTL_FAST_MATH = YES;
				ONLY_ACTIVE_ARCH = YES;
				SDKROOT = iphoneos;
				SWIFT_ACTIVE_COMPILATION_CONDITIONS = DEBUG;
				SWIFT_OPTIMIZATION_LEVEL = "-Onone";
			};
			name = Debug;
		};
		CA6C809426A26E2700C74949 /* Release */ = {
			isa = XCBuildConfiguration;
			buildSettings = {
				ALWAYS_SEARCH_USER_PATHS = NO;
				CLANG_ANALYZER_NONNULL = YES;
				CLANG_ANALYZER_NUMBER_OBJECT_CONVERSION = YES_AGGRESSIVE;
				CLANG_CXX_LANGUAGE_STANDARD = "gnu++14";
				CLANG_CXX_LIBRARY = "libc++";
				CLANG_ENABLE_MODULES = YES;
				CLANG_ENABLE_OBJC_ARC = YES;
				CLANG_ENABLE_OBJC_WEAK = YES;
				CLANG_WARN_BLOCK_CAPTURE_AUTORELEASING = YES;
				CLANG_WARN_BOOL_CONVERSION = YES;
				CLANG_WARN_COMMA = YES;
				CLANG_WARN_CONSTANT_CONVERSION = YES;
				CLANG_WARN_DEPRECATED_OBJC_IMPLEMENTATIONS = YES;
				CLANG_WARN_DIRECT_OBJC_ISA_USAGE = YES_ERROR;
				CLANG_WARN_DOCUMENTATION_COMMENTS = YES;
				CLANG_WARN_EMPTY_BODY = YES;
				CLANG_WARN_ENUM_CONVERSION = YES;
				CLANG_WARN_INFINITE_RECURSION = YES;
				CLANG_WARN_INT_CONVERSION = YES;
				CLANG_WARN_NON_LITERAL_NULL_CONVERSION = YES;
				CLANG_WARN_OBJC_IMPLICIT_RETAIN_SELF = YES;
				CLANG_WARN_OBJC_LITERAL_CONVERSION = YES;
				CLANG_WARN_OBJC_ROOT_CLASS = YES_ERROR;
				CLANG_WARN_QUOTED_INCLUDE_IN_FRAMEWORK_HEADER = YES;
				CLANG_WARN_RANGE_LOOP_ANALYSIS = YES;
				CLANG_WARN_STRICT_PROTOTYPES = YES;
				CLANG_WARN_SUSPICIOUS_MOVE = YES;
				CLANG_WARN_UNGUARDED_AVAILABILITY = YES_AGGRESSIVE;
				CLANG_WARN_UNREACHABLE_CODE = YES;
				CLANG_WARN__DUPLICATE_METHOD_MATCH = YES;
				COPY_PHASE_STRIP = NO;
				DEBUG_INFORMATION_FORMAT = "dwarf-with-dsym";
				ENABLE_NS_ASSERTIONS = NO;
				ENABLE_STRICT_OBJC_MSGSEND = YES;
				GCC_C_LANGUAGE_STANDARD = gnu11;
				GCC_NO_COMMON_BLOCKS = YES;
				GCC_WARN_64_TO_32_BIT_CONVERSION = YES;
				GCC_WARN_ABOUT_RETURN_TYPE = YES_ERROR;
				GCC_WARN_UNDECLARED_SELECTOR = YES;
				GCC_WARN_UNINITIALIZED_AUTOS = YES_AGGRESSIVE;
				GCC_WARN_UNUSED_FUNCTION = YES;
				GCC_WARN_UNUSED_VARIABLE = YES;
				IPHONEOS_DEPLOYMENT_TARGET = 14.5;
				MTL_ENABLE_DEBUG_INFO = NO;
				MTL_FAST_MATH = YES;
				SDKROOT = iphoneos;
				SWIFT_COMPILATION_MODE = wholemodule;
				SWIFT_OPTIMIZATION_LEVEL = "-O";
				VALIDATE_PRODUCT = YES;
			};
			name = Release;
		};
		CA6C809626A26E2700C74949 /* Debug */ = {
			isa = XCBuildConfiguration;
			buildSettings = {
				ASSETCATALOG_COMPILER_APPICON_NAME = AppIcon;
				ASSETCATALOG_COMPILER_GLOBAL_ACCENT_COLOR_NAME = AccentColor;
				CODE_SIGN_STYLE = Automatic;
				DEVELOPMENT_ASSET_PATHS = "\"Snapchat Clone/Preview Content\"";
				DEVELOPMENT_TEAM = HB3E67YK35;
				ENABLE_PREVIEWS = YES;
				INFOPLIST_FILE = "Snapchat Clone/Info.plist";
				IPHONEOS_DEPLOYMENT_TARGET = 14.0;
				LD_RUNPATH_SEARCH_PATHS = (
					"$(inherited)",
					"@executable_path/Frameworks",
				);
				PRODUCT_BUNDLE_IDENTIFIER = "com.jemalvarez.Snapchat-Clone";
				PRODUCT_NAME = "$(TARGET_NAME)";
				SWIFT_VERSION = 5.0;
				TARGETED_DEVICE_FAMILY = "1,2";
			};
			name = Debug;
		};
		CA6C809726A26E2700C74949 /* Release */ = {
			isa = XCBuildConfiguration;
			buildSettings = {
				ASSETCATALOG_COMPILER_APPICON_NAME = AppIcon;
				ASSETCATALOG_COMPILER_GLOBAL_ACCENT_COLOR_NAME = AccentColor;
				CODE_SIGN_STYLE = Automatic;
				DEVELOPMENT_ASSET_PATHS = "\"Snapchat Clone/Preview Content\"";
				DEVELOPMENT_TEAM = HB3E67YK35;
				ENABLE_PREVIEWS = YES;
				INFOPLIST_FILE = "Snapchat Clone/Info.plist";
				IPHONEOS_DEPLOYMENT_TARGET = 14.0;
				LD_RUNPATH_SEARCH_PATHS = (
					"$(inherited)",
					"@executable_path/Frameworks",
				);
				PRODUCT_BUNDLE_IDENTIFIER = "com.jemalvarez.Snapchat-Clone";
				PRODUCT_NAME = "$(TARGET_NAME)";
				SWIFT_VERSION = 5.0;
				TARGETED_DEVICE_FAMILY = "1,2";
			};
			name = Release;
		};
/* End XCBuildConfiguration section */

/* Begin XCConfigurationList section */
		CA6C808126A26E2400C74949 /* Build configuration list for PBXProject "Snapchat Clone" */ = {
			isa = XCConfigurationList;
			buildConfigurations = (
				CA6C809326A26E2700C74949 /* Debug */,
				CA6C809426A26E2700C74949 /* Release */,
			);
			defaultConfigurationIsVisible = 0;
			defaultConfigurationName = Release;
		};
		CA6C809526A26E2700C74949 /* Build configuration list for PBXNativeTarget "Snapchat Clone" */ = {
			isa = XCConfigurationList;
			buildConfigurations = (
				CA6C809626A26E2700C74949 /* Debug */,
				CA6C809726A26E2700C74949 /* Release */,
			);
			defaultConfigurationIsVisible = 0;
			defaultConfigurationName = Release;
		};
/* End XCConfigurationList section */
	};
	rootObject = CA6C807E26A26E2400C74949 /* Project object */;
}
